
Microsoft Visual Studio Solution File, Format Version 12.00
# Visual Studio Version 16
VisualStudioVersion = 16.0.31702.278
MinimumVisualStudioVersion = 10.0.40219.1
Project("{9A19103F-16F7-4668-BE54-9A1E7A4F7556}") = "TravelAgency", "TravelAgency\TravelAgency.csproj", "{03F0642C-2A14-4615-A10F-80C9745429B6}"
EndProject
Project("{9A19103F-16F7-4668-BE54-9A1E7A4F7556}") = "Domain", "Domain\Domain.csproj", "{BFABAD7E-F711-4904-A78B-A5DEA553309D}"
EndProject
Project("{9A19103F-16F7-4668-BE54-9A1E7A4F7556}") = "Staff", "Staff\Staff.csproj", "{BFEFF8CB-5E26-4007-8D5F-940F2C607408}"
EndProject
Project("{9A19103F-16F7-4668-BE54-9A1E7A4F7556}") = "Domain.Tests", "Domain.Tests\Domain.Tests.csproj", "{F8B9746A-6E48-4628-9FE6-71626B72BDD0}"
EndProject
Project("{9A19103F-16F7-4668-BE54-9A1E7A4F7556}") = "ORM", "ORM\ORM.csproj", "{1B6A9F12-5E2E-4B29-8665-2571A4F7A4C1}"
EndProject
Project("{9A19103F-16F7-4668-BE54-9A1E7A4F7556}") = "ORM.Tests", "ORM.Tests\ORM.Tests.csproj", "{02CFA2FE-4BDD-4774-A007-B3FDA4B0092C}"
EndProject
Project("{FAE04EC0-301F-11D3-BF4B-00C04F79EFBC}") = "Repository.Tests", "Repository.Tests\Repository.Tests.csproj", "{84D2D5CD-B236-4996-9913-B7AA15A041AE}"
EndProject
Global
	GlobalSection(SolutionConfigurationPlatforms) = preSolution
		Debug|Any CPU = Debug|Any CPU
		Release|Any CPU = Release|Any CPU
	EndGlobalSection
	GlobalSection(ProjectConfigurationPlatforms) = postSolution
		{03F0642C-2A14-4615-A10F-80C9745429B6}.Debug|Any CPU.ActiveCfg = Debug|Any CPU
		{03F0642C-2A14-4615-A10F-80C9745429B6}.Debug|Any CPU.Build.0 = Debug|Any CPU
		{03F0642C-2A14-4615-A10F-80C9745429B6}.Release|Any CPU.ActiveCfg = Release|Any CPU
		{03F0642C-2A14-4615-A10F-80C9745429B6}.Release|Any CPU.Build.0 = Release|Any CPU
		{BFABAD7E-F711-4904-A78B-A5DEA553309D}.Debug|Any CPU.ActiveCfg = Debug|Any CPU
		{BFABAD7E-F711-4904-A78B-A5DEA553309D}.Debug|Any CPU.Build.0 = Debug|Any CPU
		{BFABAD7E-F711-4904-A78B-A5DEA553309D}.Release|Any CPU.ActiveCfg = Release|Any CPU
		{BFABAD7E-F711-4904-A78B-A5DEA553309D}.Release|Any CPU.Build.0 = Release|Any CPU
		{BFEFF8CB-5E26-4007-8D5F-940F2C607408}.Debug|Any CPU.ActiveCfg = Debug|Any CPU
		{BFEFF8CB-5E26-4007-8D5F-940F2C607408}.Debug|Any CPU.Build.0 = Debug|Any CPU
		{BFEFF8CB-5E26-4007-8D5F-940F2C607408}.Release|Any CPU.ActiveCfg = Release|Any CPU
		{BFEFF8CB-5E26-4007-8D5F-940F2C607408}.Release|Any CPU.Build.0 = Release|Any CPU
		{F8B9746A-6E48-4628-9FE6-71626B72BDD0}.Debug|Any CPU.ActiveCfg = Debug|Any CPU
		{F8B9746A-6E48-4628-9FE6-71626B72BDD0}.Debug|Any CPU.Build.0 = Debug|Any CPU
		{F8B9746A-6E48-4628-9FE6-71626B72BDD0}.Release|Any CPU.ActiveCfg = Release|Any CPU
		{F8B9746A-6E48-4628-9FE6-71626B72BDD0}.Release|Any CPU.Build.0 = Release|Any CPU
		{1B6A9F12-5E2E-4B29-8665-2571A4F7A4C1}.Debug|Any CPU.ActiveCfg = Debug|Any CPU
		{1B6A9F12-5E2E-4B29-8665-2571A4F7A4C1}.Debug|Any CPU.Build.0 = Debug|Any CPU
		{1B6A9F12-5E2E-4B29-8665-2571A4F7A4C1}.Release|Any CPU.ActiveCfg = Release|Any CPU
		{1B6A9F12-5E2E-4B29-8665-2571A4F7A4C1}.Release|Any CPU.Build.0 = Release|Any CPU
		{02CFA2FE-4BDD-4774-A007-B3FDA4B0092C}.Debug|Any CPU.ActiveCfg = Debug|Any CPU
		{02CFA2FE-4BDD-4774-A007-B3FDA4B0092C}.Debug|Any CPU.Build.0 = Debug|Any CPU
		{02CFA2FE-4BDD-4774-A007-B3FDA4B0092C}.Release|Any CPU.ActiveCfg = Release|Any CPU
		{02CFA2FE-4BDD-4774-A007-B3FDA4B0092C}.Release|Any CPU.Build.0 = Release|Any CPU
		{84D2D5CD-B236-4996-9913-B7AA15A041AE}.Debug|Any CPU.ActiveCfg = Debug|Any CPU
		{84D2D5CD-B236-4996-9913-B7AA15A041AE}.Debug|Any CPU.Build.0 = Debug|Any CPU
		{84D2D5CD-B236-4996-9913-B7AA15A041AE}.Release|Any CPU.ActiveCfg = Release|Any CPU
		{84D2D5CD-B236-4996-9913-B7AA15A041AE}.Release|Any CPU.Build.0 = Release|Any CPU
	EndGlobalSection
	GlobalSection(SolutionProperties) = preSolution
		HideSolutionNode = FALSE
	EndGlobalSection
	GlobalSection(ExtensibilityGlobals) = postSolution
		SolutionGuid = {FA882295-F6FF-4CBF-B3FF-A1A2C8BE0C34}
	EndGlobalSection
EndGlobal
